// !$*UTF8*$!
{
	archiveVersion = 1;
	classes = {
	};
	objectVersion = 46;
	objects = {

/* Begin PBXBuildFile section */
		1CCC77EF1DA9856E0075B8B5 /* Recording+CoreDataClass.m in Sources */ = {isa = PBXBuildFile; fileRef = 1CCC77EC1DA9856E0075B8B5 /* Recording+CoreDataClass.m */; };
		1CCC77F01DA9856E0075B8B5 /* Recording+CoreDataProperties.m in Sources */ = {isa = PBXBuildFile; fileRef = 1CCC77EE1DA9856E0075B8B5 /* Recording+CoreDataProperties.m */; };
		1CCC78201DA9CC770075B8B5 /* RecordingTVC.m in Sources */ = {isa = PBXBuildFile; fileRef = 1CCC781F1DA9CC770075B8B5 /* RecordingTVC.m */; };
		1CE01DB81DA8AF46005DF015 /* main.m in Sources */ = {isa = PBXBuildFile; fileRef = 1CE01DB71DA8AF46005DF015 /* main.m */; };
		1CE01DBB1DA8AF46005DF015 /* AppDelegate.m in Sources */ = {isa = PBXBuildFile; fileRef = 1CE01DBA1DA8AF46005DF015 /* AppDelegate.m */; };
		1CE01DBE1DA8AF46005DF015 /* ViewController.m in Sources */ = {isa = PBXBuildFile; fileRef = 1CE01DBD1DA8AF46005DF015 /* ViewController.m */; };
		1CE01DC11DA8AF46005DF015 /* Main.storyboard in Resources */ = {isa = PBXBuildFile; fileRef = 1CE01DBF1DA8AF46005DF015 /* Main.storyboard */; };
		1CE01DC41DA8AF46005DF015 /* speakText.xcdatamodeld in Sources */ = {isa = PBXBuildFile; fileRef = 1CE01DC21DA8AF46005DF015 /* speakText.xcdatamodeld */; };
		1CE01DC61DA8AF46005DF015 /* Assets.xcassets in Resources */ = {isa = PBXBuildFile; fileRef = 1CE01DC51DA8AF46005DF015 /* Assets.xcassets */; };
		1CE01DC91DA8AF46005DF015 /* LaunchScreen.storyboard in Resources */ = {isa = PBXBuildFile; fileRef = 1CE01DC71DA8AF46005DF015 /* LaunchScreen.storyboard */; };
		1CE01DEB1DA8B53A005DF015 /* Alamofire.framework in CopyFiles */ = {isa = PBXBuildFile; fileRef = 1CE01DE91DA8B507005DF015 /* Alamofire.framework */; settings = {ATTRIBUTES = (CodeSignOnCopy, RemoveHeadersOnCopy, ); }; };
		1CE01DEC1DA8B53A005DF015 /* Freddy.framework in CopyFiles */ = {isa = PBXBuildFile; fileRef = 1CE01DE71DA8B4E5005DF015 /* Freddy.framework */; settings = {ATTRIBUTES = (CodeSignOnCopy, RemoveHeadersOnCopy, ); }; };
		1CE01DED1DA8B53A005DF015 /* RestKit.framework in CopyFiles */ = {isa = PBXBuildFile; fileRef = 1CE01DE51DA8B4CA005DF015 /* RestKit.framework */; settings = {ATTRIBUTES = (CodeSignOnCopy, RemoveHeadersOnCopy, ); }; };
		1CE01DEE1DA8B53A005DF015 /* SpeechToTextV1.framework in CopyFiles */ = {isa = PBXBuildFile; fileRef = 1CE01DE31DA8B4B8005DF015 /* SpeechToTextV1.framework */; settings = {ATTRIBUTES = (CodeSignOnCopy, RemoveHeadersOnCopy, ); }; };
		1CE01DF11DA8BA6F005DF015 /* WatsonBridge.swift in Sources */ = {isa = PBXBuildFile; fileRef = 1CE01DF01DA8BA6F005DF015 /* WatsonBridge.swift */; };
		1CE01DF51DA8C5F6005DF015 /* Starscream.framework in CopyFiles */ = {isa = PBXBuildFile; fileRef = 1CE01DF21DA8C5D0005DF015 /* Starscream.framework */; settings = {ATTRIBUTES = (CodeSignOnCopy, RemoveHeadersOnCopy, ); }; };
/* End PBXBuildFile section */

/* Begin PBXCopyFilesBuildPhase section */
		1CE01DDB1DA8B30D005DF015 /* CopyFiles */ = {
			isa = PBXCopyFilesBuildPhase;
			buildActionMask = 2147483647;
			dstPath = "";
			dstSubfolderSpec = 10;
			files = (
				1CE01DEB1DA8B53A005DF015 /* Alamofire.framework in CopyFiles */,
				1CE01DEC1DA8B53A005DF015 /* Freddy.framework in CopyFiles */,
				1CE01DED1DA8B53A005DF015 /* RestKit.framework in CopyFiles */,
				1CE01DF51DA8C5F6005DF015 /* Starscream.framework in CopyFiles */,
				1CE01DEE1DA8B53A005DF015 /* SpeechToTextV1.framework in CopyFiles */,
			);
			runOnlyForDeploymentPostprocessing = 0;
		};
/* End PBXCopyFilesBuildPhase section */

/* Begin PBXFileReference section */
		1CCC77EB1DA9856E0075B8B5 /* Recording+CoreDataClass.h */ = {isa = PBXFileReference; fileEncoding = 4; lastKnownFileType = sourcecode.c.h; name = "Recording+CoreDataClass.h"; path = "speakText/Recording+CoreDataClass.h"; sourceTree = "<group>"; };
		1CCC77EC1DA9856E0075B8B5 /* Recording+CoreDataClass.m */ = {isa = PBXFileReference; fileEncoding = 4; lastKnownFileType = sourcecode.c.objc; name = "Recording+CoreDataClass.m"; path = "speakText/Recording+CoreDataClass.m"; sourceTree = "<group>"; };
		1CCC77ED1DA9856E0075B8B5 /* Recording+CoreDataProperties.h */ = {isa = PBXFileReference; fileEncoding = 4; lastKnownFileType = sourcecode.c.h; name = "Recording+CoreDataProperties.h"; path = "speakText/Recording+CoreDataProperties.h"; sourceTree = "<group>"; };
		1CCC77EE1DA9856E0075B8B5 /* Recording+CoreDataProperties.m */ = {isa = PBXFileReference; fileEncoding = 4; lastKnownFileType = sourcecode.c.objc; name = "Recording+CoreDataProperties.m"; path = "speakText/Recording+CoreDataProperties.m"; sourceTree = "<group>"; };
		1CCC781E1DA9CC770075B8B5 /* RecordingTVC.h */ = {isa = PBXFileReference; fileEncoding = 4; lastKnownFileType = sourcecode.c.h; path = RecordingTVC.h; sourceTree = "<group>"; };
		1CCC781F1DA9CC770075B8B5 /* RecordingTVC.m */ = {isa = PBXFileReference; fileEncoding = 4; lastKnownFileType = sourcecode.c.objc; path = RecordingTVC.m; sourceTree = "<group>"; };
		1CE01DB31DA8AF46005DF015 /* speakText.app */ = {isa = PBXFileReference; explicitFileType = wrapper.application; includeInIndex = 0; path = speakText.app; sourceTree = BUILT_PRODUCTS_DIR; };
		1CE01DB71DA8AF46005DF015 /* main.m */ = {isa = PBXFileReference; lastKnownFileType = sourcecode.c.objc; path = main.m; sourceTree = "<group>"; };
		1CE01DB91DA8AF46005DF015 /* AppDelegate.h */ = {isa = PBXFileReference; lastKnownFileType = sourcecode.c.h; path = AppDelegate.h; sourceTree = "<group>"; };
		1CE01DBA1DA8AF46005DF015 /* AppDelegate.m */ = {isa = PBXFileReference; lastKnownFileType = sourcecode.c.objc; path = AppDelegate.m; sourceTree = "<group>"; };
		1CE01DBC1DA8AF46005DF015 /* ViewController.h */ = {isa = PBXFileReference; lastKnownFileType = sourcecode.c.h; path = ViewController.h; sourceTree = "<group>"; };
		1CE01DBD1DA8AF46005DF015 /* ViewController.m */ = {isa = PBXFileReference; lastKnownFileType = sourcecode.c.objc; path = ViewController.m; sourceTree = "<group>"; };
		1CE01DC01DA8AF46005DF015 /* Base */ = {isa = PBXFileReference; lastKnownFileType = file.storyboard; name = Base; path = Base.lproj/Main.storyboard; sourceTree = "<group>"; };
		1CE01DC31DA8AF46005DF015 /* speakText.xcdatamodel */ = {isa = PBXFileReference; lastKnownFileType = wrapper.xcdatamodel; path = speakText.xcdatamodel; sourceTree = "<group>"; };
		1CE01DC51DA8AF46005DF015 /* Assets.xcassets */ = {isa = PBXFileReference; lastKnownFileType = folder.assetcatalog; path = Assets.xcassets; sourceTree = "<group>"; };
		1CE01DC81DA8AF46005DF015 /* Base */ = {isa = PBXFileReference; lastKnownFileType = file.storyboard; name = Base; path = Base.lproj/LaunchScreen.storyboard; sourceTree = "<group>"; };
		1CE01DCA1DA8AF46005DF015 /* Info.plist */ = {isa = PBXFileReference; lastKnownFileType = text.plist.xml; path = Info.plist; sourceTree = "<group>"; };
		1CE01DE31DA8B4B8005DF015 /* SpeechToTextV1.framework */ = {isa = PBXFileReference; lastKnownFileType = wrapper.framework; name = SpeechToTextV1.framework; path = Carthage/Build/iOS/SpeechToTextV1.framework; sourceTree = "<group>"; };
		1CE01DE51DA8B4CA005DF015 /* RestKit.framework */ = {isa = PBXFileReference; lastKnownFileType = wrapper.framework; name = RestKit.framework; path = Carthage/Build/iOS/RestKit.framework; sourceTree = "<group>"; };
		1CE01DE71DA8B4E5005DF015 /* Freddy.framework */ = {isa = PBXFileReference; lastKnownFileType = wrapper.framework; name = Freddy.framework; path = Carthage/Build/iOS/Freddy.framework; sourceTree = "<group>"; };
		1CE01DE91DA8B507005DF015 /* Alamofire.framework */ = {isa = PBXFileReference; lastKnownFileType = wrapper.framework; name = Alamofire.framework; path = Carthage/Build/iOS/Alamofire.framework; sourceTree = "<group>"; };
		1CE01DEF1DA8BA6E005DF015 /* speakText-Bridging-Header.h */ = {isa = PBXFileReference; lastKnownFileType = sourcecode.c.h; path = "speakText-Bridging-Header.h"; sourceTree = "<group>"; };
		1CE01DF01DA8BA6F005DF015 /* WatsonBridge.swift */ = {isa = PBXFileReference; fileEncoding = 4; lastKnownFileType = sourcecode.swift; path = WatsonBridge.swift; sourceTree = "<group>"; };
		1CE01DF21DA8C5D0005DF015 /* Starscream.framework */ = {isa = PBXFileReference; lastKnownFileType = wrapper.framework; name = Starscream.framework; path = Carthage/Build/iOS/Starscream.framework; sourceTree = "<group>"; };
/* End PBXFileReference section */

/* Begin PBXFrameworksBuildPhase section */
		1CE01DB01DA8AF46005DF015 /* Frameworks */ = {
			isa = PBXFrameworksBuildPhase;
			buildActionMask = 2147483647;
			files = (
			);
			runOnlyForDeploymentPostprocessing = 0;
		};
/* End PBXFrameworksBuildPhase section */

/* Begin PBXGroup section */
		1CCC77F11DA9857C0075B8B5 /* Models */ = {
			isa = PBXGroup;
			children = (
				1CE01DC21DA8AF46005DF015 /* speakText.xcdatamodeld */,
				1CCC77EB1DA9856E0075B8B5 /* Recording+CoreDataClass.h */,
				1CCC77EC1DA9856E0075B8B5 /* Recording+CoreDataClass.m */,
				1CCC77ED1DA9856E0075B8B5 /* Recording+CoreDataProperties.h */,
				1CCC77EE1DA9856E0075B8B5 /* Recording+CoreDataProperties.m */,
			);
			name = Models;
			path = ..;
			sourceTree = "<group>";
		};
		1CE01DAA1DA8AF46005DF015 = {
			isa = PBXGroup;
			children = (
				1CE01DB51DA8AF46005DF015 /* speakText */,
				1CE01DB41DA8AF46005DF015 /* Products */,
			);
			sourceTree = "<group>";
		};
		1CE01DB41DA8AF46005DF015 /* Products */ = {
			isa = PBXGroup;
			children = (
				1CE01DB31DA8AF46005DF015 /* speakText.app */,
			);
			name = Products;
			sourceTree = "<group>";
		};
		1CE01DB51DA8AF46005DF015 /* speakText */ = {
			isa = PBXGroup;
			children = (
				1CE01DF01DA8BA6F005DF015 /* WatsonBridge.swift */,
				1CE01DB91DA8AF46005DF015 /* AppDelegate.h */,
				1CE01DBA1DA8AF46005DF015 /* AppDelegate.m */,
				1CE01DBC1DA8AF46005DF015 /* ViewController.h */,
				1CE01DBD1DA8AF46005DF015 /* ViewController.m */,
				1CCC781E1DA9CC770075B8B5 /* RecordingTVC.h */,
				1CCC781F1DA9CC770075B8B5 /* RecordingTVC.m */,
				1CE01DBF1DA8AF46005DF015 /* Main.storyboard */,
				1CCC77F11DA9857C0075B8B5 /* Models */,
				1CE01DD01DA8B1F6005DF015 /* FrameWorks */,
				1CE01DB61DA8AF46005DF015 /* Supporting Files */,
			);
			path = speakText;
			sourceTree = "<group>";
		};
		1CE01DB61DA8AF46005DF015 /* Supporting Files */ = {
			isa = PBXGroup;
			children = (
				1CE01DC71DA8AF46005DF015 /* LaunchScreen.storyboard */,
				1CE01DB71DA8AF46005DF015 /* main.m */,
				1CE01DEF1DA8BA6E005DF015 /* speakText-Bridging-Header.h */,
				1CE01DCA1DA8AF46005DF015 /* Info.plist */,
				1CE01DC51DA8AF46005DF015 /* Assets.xcassets */,
			);
			name = "Supporting Files";
			sourceTree = "<group>";
		};
		1CE01DD01DA8B1F6005DF015 /* FrameWorks */ = {
			isa = PBXGroup;
			children = (
				1CE01DF21DA8C5D0005DF015 /* Starscream.framework */,
				1CE01DE91DA8B507005DF015 /* Alamofire.framework */,
				1CE01DE71DA8B4E5005DF015 /* Freddy.framework */,
				1CE01DE51DA8B4CA005DF015 /* RestKit.framework */,
				1CE01DE31DA8B4B8005DF015 /* SpeechToTextV1.framework */,
			);
			name = FrameWorks;
			path = ..;
			sourceTree = "<group>";
		};
/* End PBXGroup section */

/* Begin PBXNativeTarget section */
		1CE01DB21DA8AF46005DF015 /* speakText */ = {
			isa = PBXNativeTarget;
			buildConfigurationList = 1CE01DCD1DA8AF46005DF015 /* Build configuration list for PBXNativeTarget "speakText" */;
			buildPhases = (
				1CE01DAF1DA8AF46005DF015 /* Sources */,
				1CE01DB01DA8AF46005DF015 /* Frameworks */,
				1CE01DB11DA8AF46005DF015 /* Resources */,
				1CE01DDB1DA8B30D005DF015 /* CopyFiles */,
			);
			buildRules = (
			);
			dependencies = (
			);
			name = speakText;
			productName = speakText;
			productReference = 1CE01DB31DA8AF46005DF015 /* speakText.app */;
			productType = "com.apple.product-type.application";
		};
/* End PBXNativeTarget section */

/* Begin PBXProject section */
		1CE01DAB1DA8AF46005DF015 /* Project object */ = {
			isa = PBXProject;
			attributes = {
				LastUpgradeCheck = 0800;
				ORGANIZATIONNAME = "Martin Conklin";
				TargetAttributes = {
					1CE01DB21DA8AF46005DF015 = {
						CreatedOnToolsVersion = 8.0;
						DevelopmentTeam = K23RN5QVJH;
						LastSwiftMigration = 0800;
						ProvisioningStyle = Automatic;
					};
				};
			};
			buildConfigurationList = 1CE01DAE1DA8AF46005DF015 /* Build configuration list for PBXProject "speakText" */;
			compatibilityVersion = "Xcode 3.2";
			developmentRegion = English;
			hasScannedForEncodings = 0;
			knownRegions = (
				en,
				Base,
			);
			mainGroup = 1CE01DAA1DA8AF46005DF015;
			productRefGroup = 1CE01DB41DA8AF46005DF015 /* Products */;
			projectDirPath = "";
			projectRoot = "";
			targets = (
				1CE01DB21DA8AF46005DF015 /* speakText */,
			);
		};
/* End PBXProject section */

/* Begin PBXResourcesBuildPhase section */
		1CE01DB11DA8AF46005DF015 /* Resources */ = {
			isa = PBXResourcesBuildPhase;
			buildActionMask = 2147483647;
			files = (
				1CE01DC91DA8AF46005DF015 /* LaunchScreen.storyboard in Resources */,
				1CE01DC61DA8AF46005DF015 /* Assets.xcassets in Resources */,
				1CE01DC11DA8AF46005DF015 /* Main.storyboard in Resources */,
			);
			runOnlyForDeploymentPostprocessing = 0;
		};
/* End PBXResourcesBuildPhase section */

/* Begin PBXSourcesBuildPhase section */
		1CE01DAF1DA8AF46005DF015 /* Sources */ = {
			isa = PBXSourcesBuildPhase;
			buildActionMask = 2147483647;
			files = (
				1CE01DBE1DA8AF46005DF015 /* ViewController.m in Sources */,
				1CE01DBB1DA8AF46005DF015 /* AppDelegate.m in Sources */,
				1CE01DB81DA8AF46005DF015 /* main.m in Sources */,
				1CCC78201DA9CC770075B8B5 /* RecordingTVC.m in Sources */,
				1CE01DF11DA8BA6F005DF015 /* WatsonBridge.swift in Sources */,
				1CE01DC41DA8AF46005DF015 /* speakText.xcdatamodeld in Sources */,
				1CCC77EF1DA9856E0075B8B5 /* Recording+CoreDataClass.m in Sources */,
				1CCC77F01DA9856E0075B8B5 /* Recording+CoreDataProperties.m in Sources */,
			);
			runOnlyForDeploymentPostprocessing = 0;
		};
/* End PBXSourcesBuildPhase section */

/* Begin PBXVariantGroup section */
		1CE01DBF1DA8AF46005DF015 /* Main.storyboard */ = {
			isa = PBXVariantGroup;
			children = (
				1CE01DC01DA8AF46005DF015 /* Base */,
			);
			name = Main.storyboard;
			sourceTree = "<group>";
		};
		1CE01DC71DA8AF46005DF015 /* LaunchScreen.storyboard */ = {
			isa = PBXVariantGroup;
			children = (
				1CE01DC81DA8AF46005DF015 /* Base */,
			);
			name = LaunchScreen.storyboard;
			sourceTree = "<group>";
		};
/* End PBXVariantGroup section */

/* Begin XCBuildConfiguration section */
		1CE01DCB1DA8AF46005DF015 /* Debug */ = {
			isa = XCBuildConfiguration;
			buildSettings = {
				ALWAYS_SEARCH_USER_PATHS = NO;
				CLANG_ANALYZER_NONNULL = YES;
				CLANG_CXX_LANGUAGE_STANDARD = "gnu++0x";
				CLANG_CXX_LIBRARY = "libc++";
				CLANG_ENABLE_MODULES = YES;
				CLANG_ENABLE_OBJC_ARC = YES;
				CLANG_WARN_BOOL_CONVERSION = YES;
				CLANG_WARN_CONSTANT_CONVERSION = YES;
				CLANG_WARN_DIRECT_OBJC_ISA_USAGE = YES_ERROR;
				CLANG_WARN_DOCUMENTATION_COMMENTS = YES;
				CLANG_WARN_EMPTY_BODY = YES;
				CLANG_WARN_ENUM_CONVERSION = YES;
				CLANG_WARN_INFINITE_RECURSION = YES;
				CLANG_WARN_INT_CONVERSION = YES;
				CLANG_WARN_OBJC_ROOT_CLASS = YES_ERROR;
				CLANG_WARN_SUSPICIOUS_MOVES = YES;
				CLANG_WARN_UNREACHABLE_CODE = YES;
				CLANG_WARN__DUPLICATE_METHOD_MATCH = YES;
				"CODE_SIGN_IDENTITY[sdk=iphoneos*]" = "iPhone Developer";
				COPY_PHASE_STRIP = NO;
				DEBUG_INFORMATION_FORMAT = dwarf;
				ENABLE_STRICT_OBJC_MSGSEND = YES;
				ENABLE_TESTABILITY = YES;
				GCC_C_LANGUAGE_STANDARD = gnu99;
				GCC_DYNAMIC_NO_PIC = NO;
				GCC_NO_COMMON_BLOCKS = YES;
				GCC_OPTIMIZATION_LEVEL = 0;
				GCC_PREPROCESSOR_DEFINITIONS = (
					"DEBUG=1",
					"$(inherited)",
				);
				GCC_WARN_64_TO_32_BIT_CONVERSION = YES;
				GCC_WARN_ABOUT_RETURN_TYPE = YES_ERROR;
				GCC_WARN_UNDECLARED_SELECTOR = YES;
				GCC_WARN_UNINITIALIZED_AUTOS = YES_AGGRESSIVE;
				GCC_WARN_UNUSED_FUNCTION = YES;
				GCC_WARN_UNUSED_VARIABLE = YES;
				IPHONEOS_DEPLOYMENT_TARGET = 10.0;
				MTL_ENABLE_DEBUG_INFO = YES;
				ONLY_ACTIVE_ARCH = YES;
				SDKROOT = iphoneos;
				TARGETED_DEVICE_FAMILY = "1,2";
			};
			name = Debug;
		};
		1CE01DCC1DA8AF46005DF015 /* Release */ = {
			isa = XCBuildConfiguration;
			buildSettings = {
				ALWAYS_SEARCH_USER_PATHS = NO;
				CLANG_ANALYZER_NONNULL = YES;
				CLANG_CXX_LANGUAGE_STANDARD = "gnu++0x";
				CLANG_CXX_LIBRARY = "libc++";
				CLANG_ENABLE_MODULES = YES;
				CLANG_ENABLE_OBJC_ARC = YES;
				CLANG_WARN_BOOL_CONVERSION = YES;
				CLANG_WARN_CONSTANT_CONVERSION = YES;
				CLANG_WARN_DIRECT_OBJC_ISA_USAGE = YES_ERROR;
				CLANG_WARN_DOCUMENTATION_COMMENTS = YES;
				CLANG_WARN_EMPTY_BODY = YES;
				CLANG_WARN_ENUM_CONVERSION = YES;
				CLANG_WARN_INFINITE_RECURSION = YES;
				CLANG_WARN_INT_CONVERSION = YES;
				CLANG_WARN_OBJC_ROOT_CLASS = YES_ERROR;
				CLANG_WARN_SUSPICIOUS_MOVES = YES;
				CLANG_WARN_UNREACHABLE_CODE = YES;
				CLANG_WARN__DUPLICATE_METHOD_MATCH = YES;
				"CODE_SIGN_IDENTITY[sdk=iphoneos*]" = "iPhone Developer";
				COPY_PHASE_STRIP = NO;
				DEBUG_INFORMATION_FORMAT = "dwarf-with-dsym";
				ENABLE_NS_ASSERTIONS = NO;
				ENABLE_STRICT_OBJC_MSGSEND = YES;
				GCC_C_LANGUAGE_STANDARD = gnu99;
				GCC_NO_COMMON_BLOCKS = YES;
				GCC_WARN_64_TO_32_BIT_CONVERSION = YES;
				GCC_WARN_ABOUT_RETURN_TYPE = YES_ERROR;
				GCC_WARN_UNDECLARED_SELECTOR = YES;
				GCC_WARN_UNINITIALIZED_AUTOS = YES_AGGRESSIVE;
				GCC_WARN_UNUSED_FUNCTION = YES;
				GCC_WARN_UNUSED_VARIABLE = YES;
				IPHONEOS_DEPLOYMENT_TARGET = 10.0;
				MTL_ENABLE_DEBUG_INFO = NO;
				SDKROOT = iphoneos;
				TARGETED_DEVICE_FAMILY = "1,2";
				VALIDATE_PRODUCT = YES;
			};
			name = Release;
		};
		1CE01DCE1DA8AF46005DF015 /* Debug */ = {
			isa = XCBuildConfiguration;
			buildSettings = {
				ASSETCATALOG_COMPILER_APPICON_NAME = AppIcon;
				CLANG_ENABLE_MODULES = YES;
				DEVELOPMENT_TEAM = K23RN5QVJH;
				FRAMEWORK_SEARCH_PATHS = (
					"$(inherited)",
					"$(PROJECT_DIR)/Carthage/Build/iOS",
				);
				INFOPLIST_FILE = speakText/Info.plist;
				LD_RUNPATH_SEARCH_PATHS = "$(inherited) @executable_path/Frameworks";
				PRODUCT_BUNDLE_IDENTIFIER = com.martin.speakText;
				PRODUCT_NAME = "$(TARGET_NAME)";
				SWIFT_OBJC_BRIDGING_HEADER = "speakText/speakText-Bridging-Header.h";
				SWIFT_OPTIMIZATION_LEVEL = "-Onone";
				SWIFT_VERSION = 2.3;
			};
			name = Debug;
		};
		1CE01DCF1DA8AF46005DF015 /* Release */ = {
			isa = XCBuildConfiguration;
			buildSettings = {
				ASSETCATALOG_COMPILER_APPICON_NAME = AppIcon;
				CLANG_ENABLE_MODULES = YES;
				DEVELOPMENT_TEAM = K23RN5QVJH;
				FRAMEWORK_SEARCH_PATHS = (
					"$(inherited)",
					"$(PROJECT_DIR)/Carthage/Build/iOS",
				);
				INFOPLIST_FILE = speakText/Info.plist;
				LD_RUNPATH_SEARCH_PATHS = "$(inherited) @executable_path/Frameworks";
				PRODUCT_BUNDLE_IDENTIFIER = com.martin.speakText;
				PRODUCT_NAME = "$(TARGET_NAME)";
				SWIFT_OBJC_BRIDGING_HEADER = "speakText/speakText-Bridging-Header.h";
				SWIFT_VERSION = 2.3;
			};
			name = Release;
		};
/* End XCBuildConfiguration section */

/* Begin XCConfigurationList section */
		1CE01DAE1DA8AF46005DF015 /* Build configuration list for PBXProject "speakText" */ = {
			isa = XCConfigurationList;
			buildConfigurations = (
				1CE01DCB1DA8AF46005DF015 /* Debug */,
				1CE01DCC1DA8AF46005DF015 /* Release */,
			);
			defaultConfigurationIsVisible = 0;
			defaultConfigurationName = Release;
		};
		1CE01DCD1DA8AF46005DF015 /* Build configuration list for PBXNativeTarget "speakText" */ = {
			isa = XCConfigurationList;
			buildConfigurations = (
				1CE01DCE1DA8AF46005DF015 /* Debug */,
				1CE01DCF1DA8AF46005DF015 /* Release */,
			);
			defaultConfigurationIsVisible = 0;
			defaultConfigurationName = Release;
		};
/* End XCConfigurationList section */

/* Begin XCVersionGroup section */
		1CE01DC21DA8AF46005DF015 /* speakText.xcdatamodeld */ = {
			isa = XCVersionGroup;
			children = (
				1CE01DC31DA8AF46005DF015 /* speakText.xcdatamodel */,
			);
			currentVersion = 1CE01DC31DA8AF46005DF015 /* speakText.xcdatamodel */;
			name = speakText.xcdatamodeld;
			path = speakText/speakText.xcdatamodeld;
			sourceTree = "<group>";
			versionGroupType = wrapper.xcdatamodel;
		};
/* End XCVersionGroup section */
	};
	rootObject = 1CE01DAB1DA8AF46005DF015 /* Project object */;
}
